
Microsoft Visual Studio Solution File, Format Version 12.00
Project("{FAE04EC0-301F-11D3-BF4B-00C04F79EFBC}") = "Day1", "Day1\Day1.csproj", "{85D0D8E1-C216-45C4-BB29-5280C093A714}"
EndProject
Project("{FAE04EC0-301F-11D3-BF4B-00C04F79EFBC}") = "Day2", "Day2\Day2.csproj", "{E1DD54A2-6550-462E-B6EE-55082ED46078}"
EndProject
Project("{FAE04EC0-301F-11D3-BF4B-00C04F79EFBC}") = "Day3", "Day3\Day3.csproj", "{FC33C8A2-4614-41D9-9BC0-24B31B4D62CF}"
EndProject
Project("{FAE04EC0-301F-11D3-BF4B-00C04F79EFBC}") = "Day4", "Day4\Day4.csproj", "{DD4EC2E0-E31D-4B57-B19B-F2042101D45C}"
EndProject
Project("{FAE04EC0-301F-11D3-BF4B-00C04F79EFBC}") = "Day5", "Day5\Day5.csproj", "{C5B197BB-976F-4D56-B27B-48A3C20112CC}"
EndProject
Project("{FAE04EC0-301F-11D3-BF4B-00C04F79EFBC}") = "Day6", "Day6\Day6.csproj", "{FDBAC41B-38D5-4794-A6BD-4A78F2DED21D}"
EndProject
Project("{FAE04EC0-301F-11D3-BF4B-00C04F79EFBC}") = "Day7", "Day7\Day7.csproj", "{3F6B8C4D-E799-47A5-8BDF-2A6E7A9E9CB2}"
EndProject
Project("{FAE04EC0-301F-11D3-BF4B-00C04F79EFBC}") = "Day8", "Day8\Day8.csproj", "{DCCA7E8D-C4E9-4D41-A62C-57C489253156}"
EndProject
Project("{FAE04EC0-301F-11D3-BF4B-00C04F79EFBC}") = "Day9", "Day9\Day9.csproj", "{4A1E3118-34BF-4DAC-886D-139C4D705E98}"
EndProject
Project("{FAE04EC0-301F-11D3-BF4B-00C04F79EFBC}") = "Day10", "Day10\Day10.csproj", "{1CD87339-8C39-46E1-99E0-E9FAD9DC1C8F}"
EndProject
Project("{FAE04EC0-301F-11D3-BF4B-00C04F79EFBC}") = "Day11", "Day11\Day11.csproj", "{B1085A58-54D5-4EE3-B8EF-0CBEFA0D789A}"
EndProject
Project("{FAE04EC0-301F-11D3-BF4B-00C04F79EFBC}") = "Day12", "Day12\Day12.csproj", "{29776065-3C0C-4051-8CD4-E044C4CC64AE}"
EndProject
Global
	GlobalSection(SolutionConfigurationPlatforms) = preSolution
		Debug|Any CPU = Debug|Any CPU
		Release|Any CPU = Release|Any CPU
	EndGlobalSection
	GlobalSection(ProjectConfigurationPlatforms) = postSolution
		{85D0D8E1-C216-45C4-BB29-5280C093A714}.Debug|Any CPU.ActiveCfg = Debug|Any CPU
		{85D0D8E1-C216-45C4-BB29-5280C093A714}.Debug|Any CPU.Build.0 = Debug|Any CPU
		{85D0D8E1-C216-45C4-BB29-5280C093A714}.Release|Any CPU.ActiveCfg = Release|Any CPU
		{85D0D8E1-C216-45C4-BB29-5280C093A714}.Release|Any CPU.Build.0 = Release|Any CPU
		{E1DD54A2-6550-462E-B6EE-55082ED46078}.Debug|Any CPU.ActiveCfg = Debug|Any CPU
		{E1DD54A2-6550-462E-B6EE-55082ED46078}.Debug|Any CPU.Build.0 = Debug|Any CPU
		{E1DD54A2-6550-462E-B6EE-55082ED46078}.Release|Any CPU.ActiveCfg = Release|Any CPU
		{E1DD54A2-6550-462E-B6EE-55082ED46078}.Release|Any CPU.Build.0 = Release|Any CPU
		{FC33C8A2-4614-41D9-9BC0-24B31B4D62CF}.Debug|Any CPU.ActiveCfg = Debug|Any CPU
		{FC33C8A2-4614-41D9-9BC0-24B31B4D62CF}.Debug|Any CPU.Build.0 = Debug|Any CPU
		{FC33C8A2-4614-41D9-9BC0-24B31B4D62CF}.Release|Any CPU.ActiveCfg = Release|Any CPU
		{FC33C8A2-4614-41D9-9BC0-24B31B4D62CF}.Release|Any CPU.Build.0 = Release|Any CPU
		{DD4EC2E0-E31D-4B57-B19B-F2042101D45C}.Debug|Any CPU.ActiveCfg = Debug|Any CPU
		{DD4EC2E0-E31D-4B57-B19B-F2042101D45C}.Debug|Any CPU.Build.0 = Debug|Any CPU
		{DD4EC2E0-E31D-4B57-B19B-F2042101D45C}.Release|Any CPU.ActiveCfg = Release|Any CPU
		{DD4EC2E0-E31D-4B57-B19B-F2042101D45C}.Release|Any CPU.Build.0 = Release|Any CPU
		{C5B197BB-976F-4D56-B27B-48A3C20112CC}.Debug|Any CPU.ActiveCfg = Debug|Any CPU
		{C5B197BB-976F-4D56-B27B-48A3C20112CC}.Debug|Any CPU.Build.0 = Debug|Any CPU
		{C5B197BB-976F-4D56-B27B-48A3C20112CC}.Release|Any CPU.ActiveCfg = Release|Any CPU
		{C5B197BB-976F-4D56-B27B-48A3C20112CC}.Release|Any CPU.Build.0 = Release|Any CPU
		{FDBAC41B-38D5-4794-A6BD-4A78F2DED21D}.Debug|Any CPU.ActiveCfg = Debug|Any CPU
		{FDBAC41B-38D5-4794-A6BD-4A78F2DED21D}.Debug|Any CPU.Build.0 = Debug|Any CPU
		{FDBAC41B-38D5-4794-A6BD-4A78F2DED21D}.Release|Any CPU.ActiveCfg = Release|Any CPU
		{FDBAC41B-38D5-4794-A6BD-4A78F2DED21D}.Release|Any CPU.Build.0 = Release|Any CPU
		{3F6B8C4D-E799-47A5-8BDF-2A6E7A9E9CB2}.Debug|Any CPU.ActiveCfg = Debug|Any CPU
		{3F6B8C4D-E799-47A5-8BDF-2A6E7A9E9CB2}.Debug|Any CPU.Build.0 = Debug|Any CPU
		{3F6B8C4D-E799-47A5-8BDF-2A6E7A9E9CB2}.Release|Any CPU.ActiveCfg = Release|Any CPU
		{3F6B8C4D-E799-47A5-8BDF-2A6E7A9E9CB2}.Release|Any CPU.Build.0 = Release|Any CPU
		{DCCA7E8D-C4E9-4D41-A62C-57C489253156}.Debug|Any CPU.ActiveCfg = Debug|Any CPU
		{DCCA7E8D-C4E9-4D41-A62C-57C489253156}.Debug|Any CPU.Build.0 = Debug|Any CPU
		{DCCA7E8D-C4E9-4D41-A62C-57C489253156}.Release|Any CPU.ActiveCfg = Release|Any CPU
		{DCCA7E8D-C4E9-4D41-A62C-57C489253156}.Release|Any CPU.Build.0 = Release|Any CPU
		{4A1E3118-34BF-4DAC-886D-139C4D705E98}.Debug|Any CPU.ActiveCfg = Debug|Any CPU
		{4A1E3118-34BF-4DAC-886D-139C4D705E98}.Debug|Any CPU.Build.0 = Debug|Any CPU
		{4A1E3118-34BF-4DAC-886D-139C4D705E98}.Release|Any CPU.ActiveCfg = Release|Any CPU
		{4A1E3118-34BF-4DAC-886D-139C4D705E98}.Release|Any CPU.Build.0 = Release|Any CPU
		{1CD87339-8C39-46E1-99E0-E9FAD9DC1C8F}.Debug|Any CPU.ActiveCfg = Debug|Any CPU
		{1CD87339-8C39-46E1-99E0-E9FAD9DC1C8F}.Debug|Any CPU.Build.0 = Debug|Any CPU
		{1CD87339-8C39-46E1-99E0-E9FAD9DC1C8F}.Release|Any CPU.ActiveCfg = Release|Any CPU
		{1CD87339-8C39-46E1-99E0-E9FAD9DC1C8F}.Release|Any CPU.Build.0 = Release|Any CPU
		{B1085A58-54D5-4EE3-B8EF-0CBEFA0D789A}.Debug|Any CPU.ActiveCfg = Debug|Any CPU
		{B1085A58-54D5-4EE3-B8EF-0CBEFA0D789A}.Debug|Any CPU.Build.0 = Debug|Any CPU
		{B1085A58-54D5-4EE3-B8EF-0CBEFA0D789A}.Release|Any CPU.ActiveCfg = Release|Any CPU
		{B1085A58-54D5-4EE3-B8EF-0CBEFA0D789A}.Release|Any CPU.Build.0 = Release|Any CPU
		{29776065-3C0C-4051-8CD4-E044C4CC64AE}.Debug|Any CPU.ActiveCfg = Debug|Any CPU
		{29776065-3C0C-4051-8CD4-E044C4CC64AE}.Debug|Any CPU.Build.0 = Debug|Any CPU
		{29776065-3C0C-4051-8CD4-E044C4CC64AE}.Release|Any CPU.ActiveCfg = Release|Any CPU
		{29776065-3C0C-4051-8CD4-E044C4CC64AE}.Release|Any CPU.Build.0 = Release|Any CPU
	EndGlobalSection
EndGlobal
